
Microsoft Visual Studio Solution File, Format Version 12.00
# Visual Studio Version 16
VisualStudioVersion = 16.0.32126.315
MinimumVisualStudioVersion = 10.0.40219.1
Project("{FAE04EC0-301F-11D3-BF4B-00C04F79EFBC}") = "Karlo_FirstProject", "Karlo_FirstProject.csproj", "{6339A798-3925-4316-B6C6-195289B877B7}"
EndProject
Global
	GlobalSection(SolutionConfigurationPlatforms) = preSolution
		Debug|Any CPU = Debug|Any CPU
		Release|Any CPU = Release|Any CPU
	EndGlobalSection
	GlobalSection(ProjectConfigurationPlatforms) = postSolution
		{6339A798-3925-4316-B6C6-195289B877B7}.Debug|Any CPU.ActiveCfg = Debug|Any CPU
		{6339A798-3925-4316-B6C6-195289B877B7}.Debug|Any CPU.Build.0 = Debug|Any CPU
		{6339A798-3925-4316-B6C6-195289B877B7}.Release|Any CPU.ActiveCfg = Release|Any CPU
		{6339A798-3925-4316-B6C6-195289B877B7}.Release|Any CPU.Build.0 = Release|Any CPU
	EndGlobalSection
	GlobalSection(SolutionProperties) = preSolution
		HideSolutionNode = FALSE
	EndGlobalSection
	GlobalSection(ExtensibilityGlobals) = postSolution
		SolutionGuid = {60EDEDF7-8D51-4A0F-AD4A-EE37C38A0CA4}
	EndGlobalSection
EndGlobal
